
Microsoft Visual Studio Solution File, Format Version 12.00
# Visual Studio Version 16
VisualStudioVersion = 16.0.30225.117
MinimumVisualStudioVersion = 10.0.40219.1
Project("{FAE04EC0-301F-11D3-BF4B-00C04F79EFBC}") = "Lab12-2", "Lab12-2\Lab12-2.csproj", "{5DEF0882-FFAB-4B10-8644-D86A7F3A74C2}"
EndProject
Project("{2150E333-8FDC-42A3-9474-1A3956D46DE8}") = "NewFolder1", "NewFolder1", "{BA6FB445-F8C0-4453-B0DC-5CEE66ED5691}"
EndProject
Global
	GlobalSection(SolutionConfigurationPlatforms) = preSolution
		Debug|Any CPU = Debug|Any CPU
		Release|Any CPU = Release|Any CPU
	EndGlobalSection
	GlobalSection(ProjectConfigurationPlatforms) = postSolution
		{5DEF0882-FFAB-4B10-8644-D86A7F3A74C2}.Debug|Any CPU.ActiveCfg = Debug|Any CPU
		{5DEF0882-FFAB-4B10-8644-D86A7F3A74C2}.Debug|Any CPU.Build.0 = Debug|Any CPU
		{5DEF0882-FFAB-4B10-8644-D86A7F3A74C2}.Release|Any CPU.ActiveCfg = Release|Any CPU
		{5DEF0882-FFAB-4B10-8644-D86A7F3A74C2}.Release|Any CPU.Build.0 = Release|Any CPU
	EndGlobalSection
	GlobalSection(SolutionProperties) = preSolution
		HideSolutionNode = FALSE
	EndGlobalSection
	GlobalSection(ExtensibilityGlobals) = postSolution
		SolutionGuid = {2763DD8E-BD4F-474F-86B3-C2A7361813E6}
	EndGlobalSection
EndGlobal
